
Microsoft Visual Studio Solution File, Format Version 12.00
# Visual Studio 2012
Project("{CC5FD16D-436D-48AD-A40C-5A424C6E3E79}") = "QUIZLANG", "QUIZLANG\QUIZLANG.ccproj", "{0F0ECC66-87E3-4E6A-8280-CE37F69AE1B9}"
EndProject
Project("{FAE04EC0-301F-11D3-BF4B-00C04F79EFBC}") = "WCFServiceWebRole1", "WCFServiceWebRole1\WCFServiceWebRole1.csproj", "{A4DB5120-C052-4C93-970F-751E7975868F}"
EndProject
Global
	GlobalSection(SolutionConfigurationPlatforms) = preSolution
		Debug|Any CPU = Debug|Any CPU
		Release|Any CPU = Release|Any CPU
	EndGlobalSection
	GlobalSection(ProjectConfigurationPlatforms) = postSolution
		{0F0ECC66-87E3-4E6A-8280-CE37F69AE1B9}.Debug|Any CPU.ActiveCfg = Debug|Any CPU
		{0F0ECC66-87E3-4E6A-8280-CE37F69AE1B9}.Debug|Any CPU.Build.0 = Debug|Any CPU
		{0F0ECC66-87E3-4E6A-8280-CE37F69AE1B9}.Release|Any CPU.ActiveCfg = Release|Any CPU
		{0F0ECC66-87E3-4E6A-8280-CE37F69AE1B9}.Release|Any CPU.Build.0 = Release|Any CPU
		{A4DB5120-C052-4C93-970F-751E7975868F}.Debug|Any CPU.ActiveCfg = Debug|Any CPU
		{A4DB5120-C052-4C93-970F-751E7975868F}.Debug|Any CPU.Build.0 = Debug|Any CPU
		{A4DB5120-C052-4C93-970F-751E7975868F}.Release|Any CPU.ActiveCfg = Release|Any CPU
		{A4DB5120-C052-4C93-970F-751E7975868F}.Release|Any CPU.Build.0 = Release|Any CPU
	EndGlobalSection
	GlobalSection(SolutionProperties) = preSolution
		HideSolutionNode = FALSE
	EndGlobalSection
EndGlobal
